// !$*UTF8*$!
{
	archiveVersion = 1;
	classes = {
	};
	objectVersion = 46;
	objects = {

/* Begin PBXBuildFile section */
		3805E5511A3E926D003A5301 /* JKNetworkRequestHistoryViewController.m in Sources */ = {isa = PBXBuildFile; fileRef = 3805E5501A3E926D003A5301 /* JKNetworkRequestHistoryViewController.m */; };
		38826E621A464636003BAEF2 /* JKRequestTableViewCell.m in Sources */ = {isa = PBXBuildFile; fileRef = 38826E611A464636003BAEF2 /* JKRequestTableViewCell.m */; };
		388E855D1A35335C0018E7DD /* JKNetworkingWorkspace.m in Sources */ = {isa = PBXBuildFile; fileRef = 388E855C1A35335C0018E7DD /* JKNetworkingWorkspace.m */; };
		388E85601A3533740018E7DD /* JKNetworkingRequest.m in Sources */ = {isa = PBXBuildFile; fileRef = 388E855F1A3533740018E7DD /* JKNetworkingRequest.m */; };
		388E85641A35380E0018E7DD /* JKStoredHistoryOperationUtility.m in Sources */ = {isa = PBXBuildFile; fileRef = 388E85631A35380E0018E7DD /* JKStoredHistoryOperationUtility.m */; };
		38943A961A3E4017005128A6 /* JKWorkspacesListViewController.m in Sources */ = {isa = PBXBuildFile; fileRef = 38943A941A3E4017005128A6 /* JKWorkspacesListViewController.m */; };
		38943A971A3E4017005128A6 /* JKWorkspacesListViewController.xib in Resources */ = {isa = PBXBuildFile; fileRef = 38943A951A3E4017005128A6 /* JKWorkspacesListViewController.xib */; };
		38E23CCA1A33DB8800741DD4 /* JKRequestOptionsProviderUIViewController.m in Sources */ = {isa = PBXBuildFile; fileRef = 38E23CC91A33DB8800741DD4 /* JKRequestOptionsProviderUIViewController.m */; };
		38E23CD01A33E05D00741DD4 /* MJPopupBackgroundView.m in Sources */ = {isa = PBXBuildFile; fileRef = 38E23CCD1A33E05D00741DD4 /* MJPopupBackgroundView.m */; };
		38E23CD11A33E05D00741DD4 /* UIViewController+MJPopupViewController.m in Sources */ = {isa = PBXBuildFile; fileRef = 38E23CCF1A33E05D00741DD4 /* UIViewController+MJPopupViewController.m */; };
		38E23CD31A33E29200741DD4 /* JKRequestOptionsProviderUIViewController.xib in Resources */ = {isa = PBXBuildFile; fileRef = 38E23CD21A33E29200741DD4 /* JKRequestOptionsProviderUIViewController.xib */; };
		38E23CD71A33E62B00741DD4 /* JKOptionSelectorTableViewCell.m in Sources */ = {isa = PBXBuildFile; fileRef = 38E23CD61A33E62B00741DD4 /* JKOptionSelectorTableViewCell.m */; };
		38E23CD91A33EA2900741DD4 /* JKOptionSelectorTableViewCell.xib in Resources */ = {isa = PBXBuildFile; fileRef = 38E23CD81A33EA2900741DD4 /* JKOptionSelectorTableViewCell.xib */; };
		38E23CE01A33F2D900741DD4 /* JKAppearanceProvider.m in Sources */ = {isa = PBXBuildFile; fileRef = 38E23CDF1A33F2D900741DD4 /* JKAppearanceProvider.m */; };
		38E23CE31A33F82000741DD4 /* button_plus_green.png in Resources */ = {isa = PBXBuildFile; fileRef = 38E23CE21A33F82000741DD4 /* button_plus_green.png */; };
		38E23CE71A33FD6600741DD4 /* UITableView+Utility.m in Sources */ = {isa = PBXBuildFile; fileRef = 38E23CE61A33FD6600741DD4 /* UITableView+Utility.m */; };
		38E23CE91A33FF3500741DD4 /* button_minus_red.png in Resources */ = {isa = PBXBuildFile; fileRef = 38E23CE81A33FF3500741DD4 /* button_minus_red.png */; };
		38E23CEC1A34058F00741DD4 /* NSString+Utility.m in Sources */ = {isa = PBXBuildFile; fileRef = 38E23CEB1A34058F00741DD4 /* NSString+Utility.m */; };
		38E23CEF1A34EEB600741DD4 /* NSDictionary+Utility.m in Sources */ = {isa = PBXBuildFile; fileRef = 38E23CEE1A34EEB600741DD4 /* NSDictionary+Utility.m */; };
		38E23CF11A35136600741DD4 /* settings.png in Resources */ = {isa = PBXBuildFile; fileRef = 38E23CF01A35136600741DD4 /* settings.png */; };
		38E23CF81A351B8600741DD4 /* JKRestServiceAppSettingsViewController.m in Sources */ = {isa = PBXBuildFile; fileRef = 38E23CF61A351B8600741DD4 /* JKRestServiceAppSettingsViewController.m */; };
		38E23CF91A351B8600741DD4 /* JKRestServiceAppSettingsViewController.xib in Resources */ = {isa = PBXBuildFile; fileRef = 38E23CF71A351B8600741DD4 /* JKRestServiceAppSettingsViewController.xib */; };
		91AE2C4C19BD18F100AA36C8 /* Foundation.framework in Frameworks */ = {isa = PBXBuildFile; fileRef = 91AE2C4B19BD18F100AA36C8 /* Foundation.framework */; };
		91AE2C4E19BD18F100AA36C8 /* CoreGraphics.framework in Frameworks */ = {isa = PBXBuildFile; fileRef = 91AE2C4D19BD18F100AA36C8 /* CoreGraphics.framework */; };
		91AE2C5019BD18F100AA36C8 /* UIKit.framework in Frameworks */ = {isa = PBXBuildFile; fileRef = 91AE2C4F19BD18F100AA36C8 /* UIKit.framework */; };
		91AE2C5619BD18F100AA36C8 /* InfoPlist.strings in Resources */ = {isa = PBXBuildFile; fileRef = 91AE2C5419BD18F100AA36C8 /* InfoPlist.strings */; };
		91AE2C5819BD18F100AA36C8 /* main.m in Sources */ = {isa = PBXBuildFile; fileRef = 91AE2C5719BD18F100AA36C8 /* main.m */; };
		91AE2C5C19BD18F100AA36C8 /* AppDelegate.m in Sources */ = {isa = PBXBuildFile; fileRef = 91AE2C5B19BD18F100AA36C8 /* AppDelegate.m */; };
		91AE2C6719BD18F100AA36C8 /* Images.xcassets in Resources */ = {isa = PBXBuildFile; fileRef = 91AE2C6619BD18F100AA36C8 /* Images.xcassets */; };
		91AE2C6E19BD18F200AA36C8 /* XCTest.framework in Frameworks */ = {isa = PBXBuildFile; fileRef = 91AE2C6D19BD18F200AA36C8 /* XCTest.framework */; };
		91AE2C6F19BD18F200AA36C8 /* Foundation.framework in Frameworks */ = {isa = PBXBuildFile; fileRef = 91AE2C4B19BD18F100AA36C8 /* Foundation.framework */; };
		91AE2C7019BD18F200AA36C8 /* UIKit.framework in Frameworks */ = {isa = PBXBuildFile; fileRef = 91AE2C4F19BD18F100AA36C8 /* UIKit.framework */; };
		91AE2C7819BD18F200AA36C8 /* InfoPlist.strings in Resources */ = {isa = PBXBuildFile; fileRef = 91AE2C7619BD18F200AA36C8 /* InfoPlist.strings */; };
		91AE2C7A19BD18F200AA36C8 /* JKEasyAFNetworkingTests.m in Sources */ = {isa = PBXBuildFile; fileRef = 91AE2C7919BD18F200AA36C8 /* JKEasyAFNetworkingTests.m */; };
		91AE2C8719BD1D5300AA36C8 /* JKNetworkActivity.m in Sources */ = {isa = PBXBuildFile; fileRef = 91AE2C8619BD1D5300AA36C8 /* JKNetworkActivity.m */; };
		91AE2C8D19BD203900AA36C8 /* JKNetworkActivityDemoController.m in Sources */ = {isa = PBXBuildFile; fileRef = 91AE2C8C19BD203900AA36C8 /* JKNetworkActivityDemoController.m */; };
		91AE2C8F19BD216C00AA36C8 /* JKEasyAFNetworkingStoryboard.storyboard in Resources */ = {isa = PBXBuildFile; fileRef = 91AE2C8E19BD216C00AA36C8 /* JKEasyAFNetworkingStoryboard.storyboard */; };
		EEFC948661AF4B65BAA8C9B7 /* libPods.a in Frameworks */ = {isa = PBXBuildFile; fileRef = D1E71E4F666B4A95A6FF5292 /* libPods.a */; };
/* End PBXBuildFile section */

/* Begin PBXContainerItemProxy section */
		91AE2C7119BD18F200AA36C8 /* PBXContainerItemProxy */ = {
			isa = PBXContainerItemProxy;
			containerPortal = 91AE2C4019BD18F100AA36C8 /* Project object */;
			proxyType = 1;
			remoteGlobalIDString = 91AE2C4719BD18F100AA36C8;
			remoteInfo = JKEasyAFNetworking;
		};
/* End PBXContainerItemProxy section */

/* Begin PBXFileReference section */
		3805E54F1A3E926D003A5301 /* JKNetworkRequestHistoryViewController.h */ = {isa = PBXFileReference; fileEncoding = 4; lastKnownFileType = sourcecode.c.h; path = JKNetworkRequestHistoryViewController.h; sourceTree = "<group>"; };
		3805E5501A3E926D003A5301 /* JKNetworkRequestHistoryViewController.m */ = {isa = PBXFileReference; fileEncoding = 4; lastKnownFileType = sourcecode.c.objc; path = JKNetworkRequestHistoryViewController.m; sourceTree = "<group>"; };
		38826E601A464636003BAEF2 /* JKRequestTableViewCell.h */ = {isa = PBXFileReference; fileEncoding = 4; lastKnownFileType = sourcecode.c.h; path = JKRequestTableViewCell.h; sourceTree = "<group>"; };
		38826E611A464636003BAEF2 /* JKRequestTableViewCell.m */ = {isa = PBXFileReference; fileEncoding = 4; lastKnownFileType = sourcecode.c.objc; path = JKRequestTableViewCell.m; sourceTree = "<group>"; };
		388E855B1A35335C0018E7DD /* JKNetworkingWorkspace.h */ = {isa = PBXFileReference; fileEncoding = 4; lastKnownFileType = sourcecode.c.h; path = JKNetworkingWorkspace.h; sourceTree = "<group>"; };
		388E855C1A35335C0018E7DD /* JKNetworkingWorkspace.m */ = {isa = PBXFileReference; fileEncoding = 4; lastKnownFileType = sourcecode.c.objc; path = JKNetworkingWorkspace.m; sourceTree = "<group>"; };
		388E855E1A3533740018E7DD /* JKNetworkingRequest.h */ = {isa = PBXFileReference; fileEncoding = 4; lastKnownFileType = sourcecode.c.h; path = JKNetworkingRequest.h; sourceTree = "<group>"; };
		388E855F1A3533740018E7DD /* JKNetworkingRequest.m */ = {isa = PBXFileReference; fileEncoding = 4; lastKnownFileType = sourcecode.c.objc; path = JKNetworkingRequest.m; sourceTree = "<group>"; };
		388E85621A35380E0018E7DD /* JKStoredHistoryOperationUtility.h */ = {isa = PBXFileReference; fileEncoding = 4; lastKnownFileType = sourcecode.c.h; path = JKStoredHistoryOperationUtility.h; sourceTree = "<group>"; };
		388E85631A35380E0018E7DD /* JKStoredHistoryOperationUtility.m */ = {isa = PBXFileReference; fileEncoding = 4; lastKnownFileType = sourcecode.c.objc; path = JKStoredHistoryOperationUtility.m; sourceTree = "<group>"; };
		38943A931A3E4017005128A6 /* JKWorkspacesListViewController.h */ = {isa = PBXFileReference; fileEncoding = 4; lastKnownFileType = sourcecode.c.h; path = JKWorkspacesListViewController.h; sourceTree = "<group>"; };
		38943A941A3E4017005128A6 /* JKWorkspacesListViewController.m */ = {isa = PBXFileReference; fileEncoding = 4; lastKnownFileType = sourcecode.c.objc; path = JKWorkspacesListViewController.m; sourceTree = "<group>"; };
		38943A951A3E4017005128A6 /* JKWorkspacesListViewController.xib */ = {isa = PBXFileReference; fileEncoding = 4; lastKnownFileType = file.xib; path = JKWorkspacesListViewController.xib; sourceTree = "<group>"; };
		38E23CC81A33DB8800741DD4 /* JKRequestOptionsProviderUIViewController.h */ = {isa = PBXFileReference; fileEncoding = 4; lastKnownFileType = sourcecode.c.h; path = JKRequestOptionsProviderUIViewController.h; sourceTree = "<group>"; };
		38E23CC91A33DB8800741DD4 /* JKRequestOptionsProviderUIViewController.m */ = {isa = PBXFileReference; fileEncoding = 4; lastKnownFileType = sourcecode.c.objc; path = JKRequestOptionsProviderUIViewController.m; sourceTree = "<group>"; };
		38E23CCC1A33E05D00741DD4 /* MJPopupBackgroundView.h */ = {isa = PBXFileReference; fileEncoding = 4; lastKnownFileType = sourcecode.c.h; path = MJPopupBackgroundView.h; sourceTree = "<group>"; };
		38E23CCD1A33E05D00741DD4 /* MJPopupBackgroundView.m */ = {isa = PBXFileReference; fileEncoding = 4; lastKnownFileType = sourcecode.c.objc; path = MJPopupBackgroundView.m; sourceTree = "<group>"; };
		38E23CCE1A33E05D00741DD4 /* UIViewController+MJPopupViewController.h */ = {isa = PBXFileReference; fileEncoding = 4; lastKnownFileType = sourcecode.c.h; path = "UIViewController+MJPopupViewController.h"; sourceTree = "<group>"; };
		38E23CCF1A33E05D00741DD4 /* UIViewController+MJPopupViewController.m */ = {isa = PBXFileReference; fileEncoding = 4; lastKnownFileType = sourcecode.c.objc; path = "UIViewController+MJPopupViewController.m"; sourceTree = "<group>"; };
		38E23CD21A33E29200741DD4 /* JKRequestOptionsProviderUIViewController.xib */ = {isa = PBXFileReference; fileEncoding = 4; lastKnownFileType = file.xib; path = JKRequestOptionsProviderUIViewController.xib; sourceTree = "<group>"; };
		38E23CD51A33E62B00741DD4 /* JKOptionSelectorTableViewCell.h */ = {isa = PBXFileReference; fileEncoding = 4; lastKnownFileType = sourcecode.c.h; path = JKOptionSelectorTableViewCell.h; sourceTree = "<group>"; };
		38E23CD61A33E62B00741DD4 /* JKOptionSelectorTableViewCell.m */ = {isa = PBXFileReference; fileEncoding = 4; lastKnownFileType = sourcecode.c.objc; path = JKOptionSelectorTableViewCell.m; sourceTree = "<group>"; };
		38E23CD81A33EA2900741DD4 /* JKOptionSelectorTableViewCell.xib */ = {isa = PBXFileReference; fileEncoding = 4; lastKnownFileType = file.xib; path = JKOptionSelectorTableViewCell.xib; sourceTree = "<group>"; };
		38E23CDE1A33F2D900741DD4 /* JKAppearanceProvider.h */ = {isa = PBXFileReference; fileEncoding = 4; lastKnownFileType = sourcecode.c.h; path = JKAppearanceProvider.h; sourceTree = "<group>"; };
		38E23CDF1A33F2D900741DD4 /* JKAppearanceProvider.m */ = {isa = PBXFileReference; fileEncoding = 4; lastKnownFileType = sourcecode.c.objc; path = JKAppearanceProvider.m; sourceTree = "<group>"; };
		38E23CE21A33F82000741DD4 /* button_plus_green.png */ = {isa = PBXFileReference; lastKnownFileType = image.png; path = button_plus_green.png; sourceTree = "<group>"; };
		38E23CE51A33FD6600741DD4 /* UITableView+Utility.h */ = {isa = PBXFileReference; fileEncoding = 4; lastKnownFileType = sourcecode.c.h; path = "UITableView+Utility.h"; sourceTree = "<group>"; };
		38E23CE61A33FD6600741DD4 /* UITableView+Utility.m */ = {isa = PBXFileReference; fileEncoding = 4; lastKnownFileType = sourcecode.c.objc; path = "UITableView+Utility.m"; sourceTree = "<group>"; };
		38E23CE81A33FF3500741DD4 /* button_minus_red.png */ = {isa = PBXFileReference; lastKnownFileType = image.png; path = button_minus_red.png; sourceTree = "<group>"; };
		38E23CEA1A34058F00741DD4 /* NSString+Utility.h */ = {isa = PBXFileReference; fileEncoding = 4; lastKnownFileType = sourcecode.c.h; path = "NSString+Utility.h"; sourceTree = "<group>"; };
		38E23CEB1A34058F00741DD4 /* NSString+Utility.m */ = {isa = PBXFileReference; fileEncoding = 4; lastKnownFileType = sourcecode.c.objc; path = "NSString+Utility.m"; sourceTree = "<group>"; };
		38E23CED1A34EEB600741DD4 /* NSDictionary+Utility.h */ = {isa = PBXFileReference; fileEncoding = 4; lastKnownFileType = sourcecode.c.h; path = "NSDictionary+Utility.h"; sourceTree = "<group>"; };
		38E23CEE1A34EEB600741DD4 /* NSDictionary+Utility.m */ = {isa = PBXFileReference; fileEncoding = 4; lastKnownFileType = sourcecode.c.objc; path = "NSDictionary+Utility.m"; sourceTree = "<group>"; };
		38E23CF01A35136600741DD4 /* settings.png */ = {isa = PBXFileReference; lastKnownFileType = image.png; path = settings.png; sourceTree = "<group>"; };
		38E23CF51A351B8600741DD4 /* JKRestServiceAppSettingsViewController.h */ = {isa = PBXFileReference; fileEncoding = 4; lastKnownFileType = sourcecode.c.h; name = JKRestServiceAppSettingsViewController.h; path = "Networking Demo/JKRestServiceAppSettingsViewController.h"; sourceTree = "<group>"; };
		38E23CF61A351B8600741DD4 /* JKRestServiceAppSettingsViewController.m */ = {isa = PBXFileReference; fileEncoding = 4; lastKnownFileType = sourcecode.c.objc; name = JKRestServiceAppSettingsViewController.m; path = "Networking Demo/JKRestServiceAppSettingsViewController.m"; sourceTree = "<group>"; };
		38E23CF71A351B8600741DD4 /* JKRestServiceAppSettingsViewController.xib */ = {isa = PBXFileReference; fileEncoding = 4; lastKnownFileType = file.xib; name = JKRestServiceAppSettingsViewController.xib; path = "Networking Demo/JKRestServiceAppSettingsViewController.xib"; sourceTree = "<group>"; };
		845FCEA93F97FFB60103D0A0 /* Pods.debug.xcconfig */ = {isa = PBXFileReference; includeInIndex = 1; lastKnownFileType = text.xcconfig; name = Pods.debug.xcconfig; path = "Pods/Target Support Files/Pods/Pods.debug.xcconfig"; sourceTree = "<group>"; };
		91AE2C4819BD18F100AA36C8 /* JKEasyAFNetworking.app */ = {isa = PBXFileReference; explicitFileType = wrapper.application; includeInIndex = 0; path = JKEasyAFNetworking.app; sourceTree = BUILT_PRODUCTS_DIR; };
		91AE2C4B19BD18F100AA36C8 /* Foundation.framework */ = {isa = PBXFileReference; lastKnownFileType = wrapper.framework; name = Foundation.framework; path = System/Library/Frameworks/Foundation.framework; sourceTree = SDKROOT; };
		91AE2C4D19BD18F100AA36C8 /* CoreGraphics.framework */ = {isa = PBXFileReference; lastKnownFileType = wrapper.framework; name = CoreGraphics.framework; path = System/Library/Frameworks/CoreGraphics.framework; sourceTree = SDKROOT; };
		91AE2C4F19BD18F100AA36C8 /* UIKit.framework */ = {isa = PBXFileReference; lastKnownFileType = wrapper.framework; name = UIKit.framework; path = System/Library/Frameworks/UIKit.framework; sourceTree = SDKROOT; };
		91AE2C5319BD18F100AA36C8 /* JKEasyAFNetworking-Info.plist */ = {isa = PBXFileReference; lastKnownFileType = text.plist.xml; path = "JKEasyAFNetworking-Info.plist"; sourceTree = "<group>"; };
		91AE2C5519BD18F100AA36C8 /* en */ = {isa = PBXFileReference; lastKnownFileType = text.plist.strings; name = en; path = en.lproj/InfoPlist.strings; sourceTree = "<group>"; };
		91AE2C5719BD18F100AA36C8 /* main.m */ = {isa = PBXFileReference; lastKnownFileType = sourcecode.c.objc; path = main.m; sourceTree = "<group>"; };
		91AE2C5919BD18F100AA36C8 /* JKEasyAFNetworking-Prefix.pch */ = {isa = PBXFileReference; lastKnownFileType = sourcecode.c.h; path = "JKEasyAFNetworking-Prefix.pch"; sourceTree = "<group>"; };
		91AE2C5A19BD18F100AA36C8 /* AppDelegate.h */ = {isa = PBXFileReference; lastKnownFileType = sourcecode.c.h; path = AppDelegate.h; sourceTree = "<group>"; };
		91AE2C5B19BD18F100AA36C8 /* AppDelegate.m */ = {isa = PBXFileReference; lastKnownFileType = sourcecode.c.objc; path = AppDelegate.m; sourceTree = "<group>"; };
		91AE2C6619BD18F100AA36C8 /* Images.xcassets */ = {isa = PBXFileReference; lastKnownFileType = folder.assetcatalog; path = Images.xcassets; sourceTree = "<group>"; };
		91AE2C6C19BD18F200AA36C8 /* JKEasyAFNetworkingTests.xctest */ = {isa = PBXFileReference; explicitFileType = wrapper.cfbundle; includeInIndex = 0; path = JKEasyAFNetworkingTests.xctest; sourceTree = BUILT_PRODUCTS_DIR; };
		91AE2C6D19BD18F200AA36C8 /* XCTest.framework */ = {isa = PBXFileReference; lastKnownFileType = wrapper.framework; name = XCTest.framework; path = Library/Frameworks/XCTest.framework; sourceTree = DEVELOPER_DIR; };
		91AE2C7519BD18F200AA36C8 /* JKEasyAFNetworkingTests-Info.plist */ = {isa = PBXFileReference; lastKnownFileType = text.plist.xml; path = "JKEasyAFNetworkingTests-Info.plist"; sourceTree = "<group>"; };
		91AE2C7719BD18F200AA36C8 /* en */ = {isa = PBXFileReference; lastKnownFileType = text.plist.strings; name = en; path = en.lproj/InfoPlist.strings; sourceTree = "<group>"; };
		91AE2C7919BD18F200AA36C8 /* JKEasyAFNetworkingTests.m */ = {isa = PBXFileReference; lastKnownFileType = sourcecode.c.objc; path = JKEasyAFNetworkingTests.m; sourceTree = "<group>"; };
		91AE2C8519BD1D5300AA36C8 /* JKNetworkActivity.h */ = {isa = PBXFileReference; fileEncoding = 4; lastKnownFileType = sourcecode.c.h; path = JKNetworkActivity.h; sourceTree = "<group>"; };
		91AE2C8619BD1D5300AA36C8 /* JKNetworkActivity.m */ = {isa = PBXFileReference; fileEncoding = 4; lastKnownFileType = sourcecode.c.objc; path = JKNetworkActivity.m; sourceTree = "<group>"; };
		91AE2C8819BD1E8E00AA36C8 /* JKURLConstants.h */ = {isa = PBXFileReference; fileEncoding = 4; lastKnownFileType = sourcecode.c.h; path = JKURLConstants.h; sourceTree = "<group>"; };
		91AE2C8B19BD203900AA36C8 /* JKNetworkActivityDemoController.h */ = {isa = PBXFileReference; fileEncoding = 4; lastKnownFileType = sourcecode.c.h; path = JKNetworkActivityDemoController.h; sourceTree = "<group>"; };
		91AE2C8C19BD203900AA36C8 /* JKNetworkActivityDemoController.m */ = {isa = PBXFileReference; fileEncoding = 4; lastKnownFileType = sourcecode.c.objc; path = JKNetworkActivityDemoController.m; sourceTree = "<group>"; };
		91AE2C8E19BD216C00AA36C8 /* JKEasyAFNetworkingStoryboard.storyboard */ = {isa = PBXFileReference; fileEncoding = 4; lastKnownFileType = file.storyboard; name = JKEasyAFNetworkingStoryboard.storyboard; path = "Networking Demo/JKEasyAFNetworkingStoryboard.storyboard"; sourceTree = "<group>"; };
		AECF5FB18C24A2D5AE0345CA /* Pods.release.xcconfig */ = {isa = PBXFileReference; includeInIndex = 1; lastKnownFileType = text.xcconfig; name = Pods.release.xcconfig; path = "Pods/Target Support Files/Pods/Pods.release.xcconfig"; sourceTree = "<group>"; };
		D1E71E4F666B4A95A6FF5292 /* libPods.a */ = {isa = PBXFileReference; explicitFileType = archive.ar; includeInIndex = 0; path = libPods.a; sourceTree = BUILT_PRODUCTS_DIR; };
/* End PBXFileReference section */

/* Begin PBXFrameworksBuildPhase section */
		91AE2C4519BD18F100AA36C8 /* Frameworks */ = {
			isa = PBXFrameworksBuildPhase;
			buildActionMask = 2147483647;
			files = (
				91AE2C4E19BD18F100AA36C8 /* CoreGraphics.framework in Frameworks */,
				91AE2C5019BD18F100AA36C8 /* UIKit.framework in Frameworks */,
				91AE2C4C19BD18F100AA36C8 /* Foundation.framework in Frameworks */,
				EEFC948661AF4B65BAA8C9B7 /* libPods.a in Frameworks */,
			);
			runOnlyForDeploymentPostprocessing = 0;
		};
		91AE2C6919BD18F200AA36C8 /* Frameworks */ = {
			isa = PBXFrameworksBuildPhase;
			buildActionMask = 2147483647;
			files = (
				91AE2C6E19BD18F200AA36C8 /* XCTest.framework in Frameworks */,
				91AE2C7019BD18F200AA36C8 /* UIKit.framework in Frameworks */,
				91AE2C6F19BD18F200AA36C8 /* Foundation.framework in Frameworks */,
			);
			runOnlyForDeploymentPostprocessing = 0;
		};
/* End PBXFrameworksBuildPhase section */

/* Begin PBXGroup section */
		265182804686310D062B4B2C /* Pods */ = {
			isa = PBXGroup;
			children = (
				845FCEA93F97FFB60103D0A0 /* Pods.debug.xcconfig */,
				AECF5FB18C24A2D5AE0345CA /* Pods.release.xcconfig */,
			);
			name = Pods;
			sourceTree = "<group>";
		};
		3805E54E1A3E9256003A5301 /* Request History */ = {
			isa = PBXGroup;
			children = (
				3805E54F1A3E926D003A5301 /* JKNetworkRequestHistoryViewController.h */,
				3805E5501A3E926D003A5301 /* JKNetworkRequestHistoryViewController.m */,
			);
			name = "Request History";
			sourceTree = "<group>";
		};
		388E855A1A3533240018E7DD /* Models */ = {
			isa = PBXGroup;
			children = (
				388E85611A3537D70018E7DD /* Model Operation Utility */,
				388E855B1A35335C0018E7DD /* JKNetworkingWorkspace.h */,
				388E855C1A35335C0018E7DD /* JKNetworkingWorkspace.m */,
				388E855E1A3533740018E7DD /* JKNetworkingRequest.h */,
				388E855F1A3533740018E7DD /* JKNetworkingRequest.m */,
			);
			name = Models;
			sourceTree = "<group>";
		};
		388E85611A3537D70018E7DD /* Model Operation Utility */ = {
			isa = PBXGroup;
			children = (
				388E85621A35380E0018E7DD /* JKStoredHistoryOperationUtility.h */,
				388E85631A35380E0018E7DD /* JKStoredHistoryOperationUtility.m */,
			);
			name = "Model Operation Utility";
			sourceTree = "<group>";
		};
		38943A921A3E3FF4005128A6 /* Workspace List */ = {
			isa = PBXGroup;
			children = (
				38943A931A3E4017005128A6 /* JKWorkspacesListViewController.h */,
				38943A941A3E4017005128A6 /* JKWorkspacesListViewController.m */,
				38943A951A3E4017005128A6 /* JKWorkspacesListViewController.xib */,
			);
			name = "Workspace List";
			sourceTree = "<group>";
		};
		38E23CC71A33DB2000741DD4 /* Option Selector Table View */ = {
			isa = PBXGroup;
			children = (
				38E23CC81A33DB8800741DD4 /* JKRequestOptionsProviderUIViewController.h */,
				38E23CC91A33DB8800741DD4 /* JKRequestOptionsProviderUIViewController.m */,
			);
			name = "Option Selector Table View";
			sourceTree = "<group>";
		};
		38E23CCB1A33E03800741DD4 /* Popup View Controllers Library */ = {
			isa = PBXGroup;
			children = (
				38E23CCC1A33E05D00741DD4 /* MJPopupBackgroundView.h */,
				38E23CCD1A33E05D00741DD4 /* MJPopupBackgroundView.m */,
				38E23CCE1A33E05D00741DD4 /* UIViewController+MJPopupViewController.h */,
				38E23CCF1A33E05D00741DD4 /* UIViewController+MJPopupViewController.m */,
			);
			name = "Popup View Controllers Library";
			sourceTree = "<group>";
		};
		38E23CD41A33E54500741DD4 /* Custom Cell */ = {
			isa = PBXGroup;
			children = (
				38E23CD51A33E62B00741DD4 /* JKOptionSelectorTableViewCell.h */,
				38E23CD61A33E62B00741DD4 /* JKOptionSelectorTableViewCell.m */,
				38E23CD81A33EA2900741DD4 /* JKOptionSelectorTableViewCell.xib */,
				38826E601A464636003BAEF2 /* JKRequestTableViewCell.h */,
				38826E611A464636003BAEF2 /* JKRequestTableViewCell.m */,
			);
			name = "Custom Cell";
			sourceTree = "<group>";
		};
		38E23CDA1A33F22500741DD4 /* Appearance */ = {
			isa = PBXGroup;
			children = (
				38E23CDE1A33F2D900741DD4 /* JKAppearanceProvider.h */,
				38E23CDF1A33F2D900741DD4 /* JKAppearanceProvider.m */,
			);
			name = Appearance;
			sourceTree = "<group>";
		};
		38E23CE11A33F81300741DD4 /* Images */ = {
			isa = PBXGroup;
			children = (
				38E23CE21A33F82000741DD4 /* button_plus_green.png */,
				38E23CE81A33FF3500741DD4 /* button_minus_red.png */,
				38E23CF01A35136600741DD4 /* settings.png */,
			);
			name = Images;
			sourceTree = "<group>";
		};
		38E23CE41A33FD3B00741DD4 /* Categories */ = {
			isa = PBXGroup;
			children = (
				38E23CE51A33FD6600741DD4 /* UITableView+Utility.h */,
				38E23CE61A33FD6600741DD4 /* UITableView+Utility.m */,
				38E23CEA1A34058F00741DD4 /* NSString+Utility.h */,
				38E23CEB1A34058F00741DD4 /* NSString+Utility.m */,
				38E23CED1A34EEB600741DD4 /* NSDictionary+Utility.h */,
				38E23CEE1A34EEB600741DD4 /* NSDictionary+Utility.m */,
			);
			name = Categories;
			sourceTree = "<group>";
		};
		38E23CF21A35143700741DD4 /* Controllers */ = {
			isa = PBXGroup;
			children = (
				3805E54E1A3E9256003A5301 /* Request History */,
				38943A921A3E3FF4005128A6 /* Workspace List */,
				38E23CFA1A351B8F00741DD4 /* Settings */,
				91AE2C8319BD1C3E00AA36C8 /* Networking Main Group */,
				38E23CC71A33DB2000741DD4 /* Option Selector Table View */,
				38E23CCB1A33E03800741DD4 /* Popup View Controllers Library */,
			);
			name = Controllers;
			sourceTree = "<group>";
		};
		38E23CF31A35143E00741DD4 /* Storyboards */ = {
			isa = PBXGroup;
			children = (
				91AE2C8E19BD216C00AA36C8 /* JKEasyAFNetworkingStoryboard.storyboard */,
			);
			name = Storyboards;
			sourceTree = "<group>";
		};
		38E23CF41A35144700741DD4 /* Xib Files */ = {
			isa = PBXGroup;
			children = (
				38E23CD21A33E29200741DD4 /* JKRequestOptionsProviderUIViewController.xib */,
				38E23CF71A351B8600741DD4 /* JKRestServiceAppSettingsViewController.xib */,
			);
			name = "Xib Files";
			sourceTree = "<group>";
		};
		38E23CFA1A351B8F00741DD4 /* Settings */ = {
			isa = PBXGroup;
			children = (
				38E23CF51A351B8600741DD4 /* JKRestServiceAppSettingsViewController.h */,
				38E23CF61A351B8600741DD4 /* JKRestServiceAppSettingsViewController.m */,
			);
			name = Settings;
			sourceTree = "<group>";
		};
		91AE2C3F19BD18F100AA36C8 = {
			isa = PBXGroup;
			children = (
				91AE2C5119BD18F100AA36C8 /* JKEasyAFNetworking */,
				91AE2C7319BD18F200AA36C8 /* JKEasyAFNetworkingTests */,
				91AE2C4A19BD18F100AA36C8 /* Frameworks */,
				91AE2C4919BD18F100AA36C8 /* Products */,
				265182804686310D062B4B2C /* Pods */,
			);
			sourceTree = "<group>";
		};
		91AE2C4919BD18F100AA36C8 /* Products */ = {
			isa = PBXGroup;
			children = (
				91AE2C4819BD18F100AA36C8 /* JKEasyAFNetworking.app */,
				91AE2C6C19BD18F200AA36C8 /* JKEasyAFNetworkingTests.xctest */,
			);
			name = Products;
			sourceTree = "<group>";
		};
		91AE2C4A19BD18F100AA36C8 /* Frameworks */ = {
			isa = PBXGroup;
			children = (
				91AE2C4B19BD18F100AA36C8 /* Foundation.framework */,
				91AE2C4D19BD18F100AA36C8 /* CoreGraphics.framework */,
				91AE2C4F19BD18F100AA36C8 /* UIKit.framework */,
				91AE2C6D19BD18F200AA36C8 /* XCTest.framework */,
				D1E71E4F666B4A95A6FF5292 /* libPods.a */,
			);
			name = Frameworks;
			sourceTree = "<group>";
		};
		91AE2C5119BD18F100AA36C8 /* JKEasyAFNetworking */ = {
			isa = PBXGroup;
			children = (
				388E855A1A3533240018E7DD /* Models */,
				38E23CF41A35144700741DD4 /* Xib Files */,
				38E23CF31A35143E00741DD4 /* Storyboards */,
				38E23CF21A35143700741DD4 /* Controllers */,
				38E23CE11A33F81300741DD4 /* Images */,
				38E23CE41A33FD3B00741DD4 /* Categories */,
				38E23CDA1A33F22500741DD4 /* Appearance */,
				38E23CD41A33E54500741DD4 /* Custom Cell */,
				91AE2C8419BD1CD000AA36C8 /* NetworkingSourceGroup */,
				91AE2C5A19BD18F100AA36C8 /* AppDelegate.h */,
				91AE2C5B19BD18F100AA36C8 /* AppDelegate.m */,
				91AE2C6619BD18F100AA36C8 /* Images.xcassets */,
				91AE2C5219BD18F100AA36C8 /* Supporting Files */,
			);
			path = JKEasyAFNetworking;
			sourceTree = "<group>";
		};
		91AE2C5219BD18F100AA36C8 /* Supporting Files */ = {
			isa = PBXGroup;
			children = (
				91AE2C5319BD18F100AA36C8 /* JKEasyAFNetworking-Info.plist */,
				91AE2C5419BD18F100AA36C8 /* InfoPlist.strings */,
				91AE2C5719BD18F100AA36C8 /* main.m */,
				91AE2C5919BD18F100AA36C8 /* JKEasyAFNetworking-Prefix.pch */,
			);
			path = "Supporting Files";
			sourceTree = "<group>";
		};
		91AE2C7319BD18F200AA36C8 /* JKEasyAFNetworkingTests */ = {
			isa = PBXGroup;
			children = (
				91AE2C7919BD18F200AA36C8 /* JKEasyAFNetworkingTests.m */,
				91AE2C7419BD18F200AA36C8 /* Supporting Files */,
			);
			path = JKEasyAFNetworkingTests;
			sourceTree = "<group>";
		};
		91AE2C7419BD18F200AA36C8 /* Supporting Files */ = {
			isa = PBXGroup;
			children = (
				91AE2C7519BD18F200AA36C8 /* JKEasyAFNetworkingTests-Info.plist */,
				91AE2C7619BD18F200AA36C8 /* InfoPlist.strings */,
			);
			path = "Supporting Files";
			sourceTree = "<group>";
		};
		91AE2C8319BD1C3E00AA36C8 /* Networking Main Group */ = {
			isa = PBXGroup;
			children = (
				91AE2C8B19BD203900AA36C8 /* JKNetworkActivityDemoController.h */,
				91AE2C8C19BD203900AA36C8 /* JKNetworkActivityDemoController.m */,
			);
			name = "Networking Main Group";
			path = "Networking Demo";
			sourceTree = "<group>";
		};
		91AE2C8419BD1CD000AA36C8 /* NetworkingSourceGroup */ = {
			isa = PBXGroup;
			children = (
				91AE2C8519BD1D5300AA36C8 /* JKNetworkActivity.h */,
				91AE2C8619BD1D5300AA36C8 /* JKNetworkActivity.m */,
				91AE2C8819BD1E8E00AA36C8 /* JKURLConstants.h */,
			);
			path = NetworkingSourceGroup;
			sourceTree = "<group>";
		};
/* End PBXGroup section */

/* Begin PBXNativeTarget section */
		91AE2C4719BD18F100AA36C8 /* JKEasyAFNetworking */ = {
			isa = PBXNativeTarget;
			buildConfigurationList = 91AE2C7D19BD18F200AA36C8 /* Build configuration list for PBXNativeTarget "JKEasyAFNetworking" */;
			buildPhases = (
				8B71A19DAA134672A75EBE84 /* Check Pods Manifest.lock */,
				91AE2C4419BD18F100AA36C8 /* Sources */,
				91AE2C4519BD18F100AA36C8 /* Frameworks */,
				91AE2C4619BD18F100AA36C8 /* Resources */,
				03A19960C40945F3923185CD /* Copy Pods Resources */,
			);
			buildRules = (
			);
			dependencies = (
			);
			name = JKEasyAFNetworking;
			productName = JKEasyAFNetworking;
			productReference = 91AE2C4819BD18F100AA36C8 /* JKEasyAFNetworking.app */;
			productType = "com.apple.product-type.application";
		};
		91AE2C6B19BD18F200AA36C8 /* JKEasyAFNetworkingTests */ = {
			isa = PBXNativeTarget;
			buildConfigurationList = 91AE2C8019BD18F200AA36C8 /* Build configuration list for PBXNativeTarget "JKEasyAFNetworkingTests" */;
			buildPhases = (
				91AE2C6819BD18F200AA36C8 /* Sources */,
				91AE2C6919BD18F200AA36C8 /* Frameworks */,
				91AE2C6A19BD18F200AA36C8 /* Resources */,
			);
			buildRules = (
			);
			dependencies = (
				91AE2C7219BD18F200AA36C8 /* PBXTargetDependency */,
			);
			name = JKEasyAFNetworkingTests;
			productName = JKEasyAFNetworkingTests;
			productReference = 91AE2C6C19BD18F200AA36C8 /* JKEasyAFNetworkingTests.xctest */;
			productType = "com.apple.product-type.bundle.unit-test";
		};
/* End PBXNativeTarget section */

/* Begin PBXProject section */
		91AE2C4019BD18F100AA36C8 /* Project object */ = {
			isa = PBXProject;
			attributes = {
				LastUpgradeCheck = 0510;
				ORGANIZATIONNAME = "Jayesh Kawli";
				TargetAttributes = {
					91AE2C6B19BD18F200AA36C8 = {
						TestTargetID = 91AE2C4719BD18F100AA36C8;
					};
				};
			};
			buildConfigurationList = 91AE2C4319BD18F100AA36C8 /* Build configuration list for PBXProject "JKEasyAFNetworking" */;
			compatibilityVersion = "Xcode 3.2";
			developmentRegion = English;
			hasScannedForEncodings = 0;
			knownRegions = (
				en,
				Base,
			);
			mainGroup = 91AE2C3F19BD18F100AA36C8;
			productRefGroup = 91AE2C4919BD18F100AA36C8 /* Products */;
			projectDirPath = "";
			projectRoot = "";
			targets = (
				91AE2C4719BD18F100AA36C8 /* JKEasyAFNetworking */,
				91AE2C6B19BD18F200AA36C8 /* JKEasyAFNetworkingTests */,
			);
		};
/* End PBXProject section */

/* Begin PBXResourcesBuildPhase section */
		91AE2C4619BD18F100AA36C8 /* Resources */ = {
			isa = PBXResourcesBuildPhase;
			buildActionMask = 2147483647;
			files = (
				38E23CF11A35136600741DD4 /* settings.png in Resources */,
				38943A971A3E4017005128A6 /* JKWorkspacesListViewController.xib in Resources */,
				91AE2C6719BD18F100AA36C8 /* Images.xcassets in Resources */,
				38E23CE31A33F82000741DD4 /* button_plus_green.png in Resources */,
				38E23CF91A351B8600741DD4 /* JKRestServiceAppSettingsViewController.xib in Resources */,
				38E23CE91A33FF3500741DD4 /* button_minus_red.png in Resources */,
				38E23CD91A33EA2900741DD4 /* JKOptionSelectorTableViewCell.xib in Resources */,
				38E23CD31A33E29200741DD4 /* JKRequestOptionsProviderUIViewController.xib in Resources */,
				91AE2C5619BD18F100AA36C8 /* InfoPlist.strings in Resources */,
				91AE2C8F19BD216C00AA36C8 /* JKEasyAFNetworkingStoryboard.storyboard in Resources */,
			);
			runOnlyForDeploymentPostprocessing = 0;
		};
		91AE2C6A19BD18F200AA36C8 /* Resources */ = {
			isa = PBXResourcesBuildPhase;
			buildActionMask = 2147483647;
			files = (
				91AE2C7819BD18F200AA36C8 /* InfoPlist.strings in Resources */,
			);
			runOnlyForDeploymentPostprocessing = 0;
		};
/* End PBXResourcesBuildPhase section */

/* Begin PBXShellScriptBuildPhase section */
		03A19960C40945F3923185CD /* Copy Pods Resources */ = {
			isa = PBXShellScriptBuildPhase;
			buildActionMask = 2147483647;
			files = (
			);
			inputPaths = (
			);
			name = "Copy Pods Resources";
			outputPaths = (
			);
			runOnlyForDeploymentPostprocessing = 0;
			shellPath = /bin/sh;
			shellScript = "\"${SRCROOT}/Pods/Target Support Files/Pods/Pods-resources.sh\"\n";
			showEnvVarsInLog = 0;
		};
		8B71A19DAA134672A75EBE84 /* Check Pods Manifest.lock */ = {
			isa = PBXShellScriptBuildPhase;
			buildActionMask = 2147483647;
			files = (
			);
			inputPaths = (
			);
			name = "Check Pods Manifest.lock";
			outputPaths = (
			);
			runOnlyForDeploymentPostprocessing = 0;
			shellPath = /bin/sh;
			shellScript = "diff \"${PODS_ROOT}/../Podfile.lock\" \"${PODS_ROOT}/Manifest.lock\" > /dev/null\nif [[ $? != 0 ]] ; then\n    cat << EOM\nerror: The sandbox is not in sync with the Podfile.lock. Run 'pod install' or update your CocoaPods installation.\nEOM\n    exit 1\nfi\n";
			showEnvVarsInLog = 0;
		};
/* End PBXShellScriptBuildPhase section */

/* Begin PBXSourcesBuildPhase section */
		91AE2C4419BD18F100AA36C8 /* Sources */ = {
			isa = PBXSourcesBuildPhase;
			buildActionMask = 2147483647;
			files = (
				38E23CF81A351B8600741DD4 /* JKRestServiceAppSettingsViewController.m in Sources */,
				38E23CE71A33FD6600741DD4 /* UITableView+Utility.m in Sources */,
				91AE2C5C19BD18F100AA36C8 /* AppDelegate.m in Sources */,
				38E23CE01A33F2D900741DD4 /* JKAppearanceProvider.m in Sources */,
				38E23CEC1A34058F00741DD4 /* NSString+Utility.m in Sources */,
				3805E5511A3E926D003A5301 /* JKNetworkRequestHistoryViewController.m in Sources */,
				38E23CCA1A33DB8800741DD4 /* JKRequestOptionsProviderUIViewController.m in Sources */,
				388E855D1A35335C0018E7DD /* JKNetworkingWorkspace.m in Sources */,
				38E23CD01A33E05D00741DD4 /* MJPopupBackgroundView.m in Sources */,
				38E23CD11A33E05D00741DD4 /* UIViewController+MJPopupViewController.m in Sources */,
				38E23CEF1A34EEB600741DD4 /* NSDictionary+Utility.m in Sources */,
				38E23CD71A33E62B00741DD4 /* JKOptionSelectorTableViewCell.m in Sources */,
				388E85641A35380E0018E7DD /* JKStoredHistoryOperationUtility.m in Sources */,
				91AE2C5819BD18F100AA36C8 /* main.m in Sources */,
				38943A961A3E4017005128A6 /* JKWorkspacesListViewController.m in Sources */,
				38826E621A464636003BAEF2 /* JKRequestTableViewCell.m in Sources */,
				388E85601A3533740018E7DD /* JKNetworkingRequest.m in Sources */,
				91AE2C8719BD1D5300AA36C8 /* JKNetworkActivity.m in Sources */,
				91AE2C8D19BD203900AA36C8 /* JKNetworkActivityDemoController.m in Sources */,
			);
			runOnlyForDeploymentPostprocessing = 0;
		};
		91AE2C6819BD18F200AA36C8 /* Sources */ = {
			isa = PBXSourcesBuildPhase;
			buildActionMask = 2147483647;
			files = (
				91AE2C7A19BD18F200AA36C8 /* JKEasyAFNetworkingTests.m in Sources */,
			);
			runOnlyForDeploymentPostprocessing = 0;
		};
/* End PBXSourcesBuildPhase section */

/* Begin PBXTargetDependency section */
		91AE2C7219BD18F200AA36C8 /* PBXTargetDependency */ = {
			isa = PBXTargetDependency;
			target = 91AE2C4719BD18F100AA36C8 /* JKEasyAFNetworking */;
			targetProxy = 91AE2C7119BD18F200AA36C8 /* PBXContainerItemProxy */;
		};
/* End PBXTargetDependency section */

/* Begin PBXVariantGroup section */
		91AE2C5419BD18F100AA36C8 /* InfoPlist.strings */ = {
			isa = PBXVariantGroup;
			children = (
				91AE2C5519BD18F100AA36C8 /* en */,
			);
			name = InfoPlist.strings;
			sourceTree = "<group>";
		};
		91AE2C7619BD18F200AA36C8 /* InfoPlist.strings */ = {
			isa = PBXVariantGroup;
			children = (
				91AE2C7719BD18F200AA36C8 /* en */,
			);
			name = InfoPlist.strings;
			sourceTree = "<group>";
		};
/* End PBXVariantGroup section */

/* Begin XCBuildConfiguration section */
		91AE2C7B19BD18F200AA36C8 /* Debug */ = {
			isa = XCBuildConfiguration;
			buildSettings = {
				ALWAYS_SEARCH_USER_PATHS = NO;
				CLANG_CXX_LANGUAGE_STANDARD = "gnu++0x";
				CLANG_CXX_LIBRARY = "libc++";
				CLANG_ENABLE_MODULES = YES;
				CLANG_ENABLE_OBJC_ARC = YES;
				CLANG_WARN_BOOL_CONVERSION = YES;
				CLANG_WARN_CONSTANT_CONVERSION = YES;
				CLANG_WARN_DIRECT_OBJC_ISA_USAGE = YES_ERROR;
				CLANG_WARN_EMPTY_BODY = YES;
				CLANG_WARN_ENUM_CONVERSION = YES;
				CLANG_WARN_INT_CONVERSION = YES;
				CLANG_WARN_OBJC_ROOT_CLASS = YES_ERROR;
				CLANG_WARN__DUPLICATE_METHOD_MATCH = YES;
				"CODE_SIGN_IDENTITY[sdk=iphoneos*]" = "iPhone Developer";
				COPY_PHASE_STRIP = NO;
				GCC_C_LANGUAGE_STANDARD = gnu99;
				GCC_DYNAMIC_NO_PIC = NO;
				GCC_OPTIMIZATION_LEVEL = 0;
				GCC_PREPROCESSOR_DEFINITIONS = (
					"DEBUG=1",
					"$(inherited)",
				);
				GCC_SYMBOLS_PRIVATE_EXTERN = NO;
				GCC_WARN_64_TO_32_BIT_CONVERSION = YES;
				GCC_WARN_ABOUT_RETURN_TYPE = YES_ERROR;
				GCC_WARN_UNDECLARED_SELECTOR = YES;
				GCC_WARN_UNINITIALIZED_AUTOS = YES_AGGRESSIVE;
				GCC_WARN_UNUSED_FUNCTION = YES;
				GCC_WARN_UNUSED_VARIABLE = YES;
				IPHONEOS_DEPLOYMENT_TARGET = 7.1;
				ONLY_ACTIVE_ARCH = YES;
				SDKROOT = iphoneos;
				TARGETED_DEVICE_FAMILY = "1,2";
			};
			name = Debug;
		};
		91AE2C7C19BD18F200AA36C8 /* Release */ = {
			isa = XCBuildConfiguration;
			buildSettings = {
				ALWAYS_SEARCH_USER_PATHS = NO;
				CLANG_CXX_LANGUAGE_STANDARD = "gnu++0x";
				CLANG_CXX_LIBRARY = "libc++";
				CLANG_ENABLE_MODULES = YES;
				CLANG_ENABLE_OBJC_ARC = YES;
				CLANG_WARN_BOOL_CONVERSION = YES;
				CLANG_WARN_CONSTANT_CONVERSION = YES;
				CLANG_WARN_DIRECT_OBJC_ISA_USAGE = YES_ERROR;
				CLANG_WARN_EMPTY_BODY = YES;
				CLANG_WARN_ENUM_CONVERSION = YES;
				CLANG_WARN_INT_CONVERSION = YES;
				CLANG_WARN_OBJC_ROOT_CLASS = YES_ERROR;
				CLANG_WARN__DUPLICATE_METHOD_MATCH = YES;
				"CODE_SIGN_IDENTITY[sdk=iphoneos*]" = "iPhone Developer";
				COPY_PHASE_STRIP = YES;
				ENABLE_NS_ASSERTIONS = NO;
				GCC_C_LANGUAGE_STANDARD = gnu99;
				GCC_WARN_64_TO_32_BIT_CONVERSION = YES;
				GCC_WARN_ABOUT_RETURN_TYPE = YES_ERROR;
				GCC_WARN_UNDECLARED_SELECTOR = YES;
				GCC_WARN_UNINITIALIZED_AUTOS = YES_AGGRESSIVE;
				GCC_WARN_UNUSED_FUNCTION = YES;
				GCC_WARN_UNUSED_VARIABLE = YES;
				IPHONEOS_DEPLOYMENT_TARGET = 7.1;
				SDKROOT = iphoneos;
				TARGETED_DEVICE_FAMILY = "1,2";
				VALIDATE_PRODUCT = YES;
			};
			name = Release;
		};
		91AE2C7E19BD18F200AA36C8 /* Debug */ = {
			isa = XCBuildConfiguration;
			baseConfigurationReference = 845FCEA93F97FFB60103D0A0 /* Pods.debug.xcconfig */;
			buildSettings = {
				ASSETCATALOG_COMPILER_APPICON_NAME = AppIcon;
				ASSETCATALOG_COMPILER_LAUNCHIMAGE_NAME = LaunchImage;
				GCC_PRECOMPILE_PREFIX_HEADER = YES;
				GCC_PREFIX_HEADER = "JKEasyAFNetworking/Supporting Files/JKEasyAFNetworking-Prefix.pch";
				INFOPLIST_FILE = "JKEasyAFNetworking/Supporting Files/JKEasyAFNetworking-Info.plist";
				PRODUCT_NAME = "$(TARGET_NAME)";
				TARGETED_DEVICE_FAMILY = 2;
				WRAPPER_EXTENSION = app;
			};
			name = Debug;
		};
		91AE2C7F19BD18F200AA36C8 /* Release */ = {
			isa = XCBuildConfiguration;
			baseConfigurationReference = AECF5FB18C24A2D5AE0345CA /* Pods.release.xcconfig */;
			buildSettings = {
				ASSETCATALOG_COMPILER_APPICON_NAME = AppIcon;
				ASSETCATALOG_COMPILER_LAUNCHIMAGE_NAME = LaunchImage;
				GCC_PRECOMPILE_PREFIX_HEADER = YES;
				GCC_PREFIX_HEADER = "JKEasyAFNetworking/Supporting Files/JKEasyAFNetworking-Prefix.pch";
				INFOPLIST_FILE = "JKEasyAFNetworking/Supporting Files/JKEasyAFNetworking-Info.plist";
				PRODUCT_NAME = "$(TARGET_NAME)";
				TARGETED_DEVICE_FAMILY = 2;
				WRAPPER_EXTENSION = app;
			};
			name = Release;
		};
		91AE2C8119BD18F200AA36C8 /* Debug */ = {
			isa = XCBuildConfiguration;
			buildSettings = {
				BUNDLE_LOADER = "$(BUILT_PRODUCTS_DIR)/JKEasyAFNetworking.app/JKEasyAFNetworking";
				FRAMEWORK_SEARCH_PATHS = (
					"$(SDKROOT)/Developer/Library/Frameworks",
					"$(inherited)",
					"$(DEVELOPER_FRAMEWORKS_DIR)",
				);
				GCC_PRECOMPILE_PREFIX_HEADER = YES;
				GCC_PREFIX_HEADER = "JKEasyAFNetworking/Supporting Files/JKEasyAFNetworking-Prefix.pch";
				GCC_PREPROCESSOR_DEFINITIONS = (
					"DEBUG=1",
					"$(inherited)",
				);
				INFOPLIST_FILE = "JKEasyAFNetworkingTests/Supporting Files/JKEasyAFNetworkingTests-Info.plist";
				PRODUCT_NAME = "$(TARGET_NAME)";
				TEST_HOST = "$(BUNDLE_LOADER)";
				WRAPPER_EXTENSION = xctest;
			};
			name = Debug;
		};
		91AE2C8219BD18F200AA36C8 /* Release */ = {
			isa = XCBuildConfiguration;
			buildSettings = {
				BUNDLE_LOADER = "$(BUILT_PRODUCTS_DIR)/JKEasyAFNetworking.app/JKEasyAFNetworking";
				FRAMEWORK_SEARCH_PATHS = (
					"$(SDKROOT)/Developer/Library/Frameworks",
					"$(inherited)",
					"$(DEVELOPER_FRAMEWORKS_DIR)",
				);
				GCC_PRECOMPILE_PREFIX_HEADER = YES;
				GCC_PREFIX_HEADER = "JKEasyAFNetworking/Supporting Files/JKEasyAFNetworking-Prefix.pch";
				INFOPLIST_FILE = "JKEasyAFNetworkingTests/Supporting Files/JKEasyAFNetworkingTests-Info.plist";
				PRODUCT_NAME = "$(TARGET_NAME)";
				TEST_HOST = "$(BUNDLE_LOADER)";
				WRAPPER_EXTENSION = xctest;
			};
			name = Release;
		};
/* End XCBuildConfiguration section */

/* Begin XCConfigurationList section */
		91AE2C4319BD18F100AA36C8 /* Build configuration list for PBXProject "JKEasyAFNetworking" */ = {
			isa = XCConfigurationList;
			buildConfigurations = (
				91AE2C7B19BD18F200AA36C8 /* Debug */,
				91AE2C7C19BD18F200AA36C8 /* Release */,
			);
			defaultConfigurationIsVisible = 0;
			defaultConfigurationName = Release;
		};
		91AE2C7D19BD18F200AA36C8 /* Build configuration list for PBXNativeTarget "JKEasyAFNetworking" */ = {
			isa = XCConfigurationList;
			buildConfigurations = (
				91AE2C7E19BD18F200AA36C8 /* Debug */,
				91AE2C7F19BD18F200AA36C8 /* Release */,
			);
			defaultConfigurationIsVisible = 0;
			defaultConfigurationName = Release;
		};
		91AE2C8019BD18F200AA36C8 /* Build configuration list for PBXNativeTarget "JKEasyAFNetworkingTests" */ = {
			isa = XCConfigurationList;
			buildConfigurations = (
				91AE2C8119BD18F200AA36C8 /* Debug */,
				91AE2C8219BD18F200AA36C8 /* Release */,
			);
			defaultConfigurationIsVisible = 0;
			defaultConfigurationName = Release;
		};
/* End XCConfigurationList section */
	};
	rootObject = 91AE2C4019BD18F100AA36C8 /* Project object */;
}
